
Microsoft Visual Studio Solution File, Format Version 12.00
# Visual Studio Version 17
VisualStudioVersion = 17.14.36109.1 d17.14
MinimumVisualStudioVersion = 10.0.40219.1
Project("{FAE04EC0-301F-11D3-BF4B-00C04F79EFBC}") = "spector.Console", "spector.Console.csproj", "{878FB6BF-7286-4E58-B287-C0F3975BC540}"
EndProject
Global
	GlobalSection(SolutionConfigurationPlatforms) = preSolution
		Debug|Any CPU = Debug|Any CPU
		Release|Any CPU = Release|Any CPU
	EndGlobalSection
	GlobalSection(ProjectConfigurationPlatforms) = postSolution
		{878FB6BF-7286-4E58-B287-C0F3975BC540}.Debug|Any CPU.ActiveCfg = Debug|Any CPU
		{878FB6BF-7286-4E58-B287-C0F3975BC540}.Debug|Any CPU.Build.0 = Debug|Any CPU
		{878FB6BF-7286-4E58-B287-C0F3975BC540}.Release|Any CPU.ActiveCfg = Release|Any CPU
		{878FB6BF-7286-4E58-B287-C0F3975BC540}.Release|Any CPU.Build.0 = Release|Any CPU
	EndGlobalSection
	GlobalSection(SolutionProperties) = preSolution
		HideSolutionNode = FALSE
	EndGlobalSection
	GlobalSection(ExtensibilityGlobals) = postSolution
		SolutionGuid = {FDF1798F-B923-4F61-876D-7903CC0A6775}
	EndGlobalSection
EndGlobal
